{
  "version": 4,
  "terraform_version": "1.4.2",
  "serial": 12,
  "lineage": "69146f47-461e-1c6e-8b2f-4a40d5344c42",
  "outputs": {},
  "resources": [
    {
      "mode": "data",
      "type": "google_client_config",
      "name": "default",
      "provider": "provider[\"registry.terraform.io/hashicorp/google\"]",
      "instances": [
        {
          "schema_version": 0,
          "attributes": {
            "access_token": "ya29.a0Ael9sCMuG73zG97VMMO2zZi-Wo7d_jSlJmHvvAzlBkq_M4Hps5kKPMUqSduOSqrywSsHvbHY8ozuvRXNJZhmV_2qqCZ8dqh9q11_qYHGo9kNaLSyKN2QEeDXswD0jZcAs2fJebmYwhTG5VMC752hXu8DxWLicVgWaCgYKAYASARMSFQF4udJhvtj_PzPiN_PT_ptFbkhFBw0167",
            "id": "projects/unique-linker-381314/regions/europe-west1-b/zones/",
            "project": "unique-linker-381314",
            "region": "europe-west1-b",
            "zone": ""
          },
          "sensitive_attributes": []
        }
      ]
    },
    {
      "mode": "data",
      "type": "google_container_cluster",
      "name": "my_cluster",
      "provider": "provider[\"registry.terraform.io/hashicorp/google\"]",
      "instances": [
        {
          "schema_version": 0,
          "attributes": {
            "addons_config": [
              {
                "cloudrun_config": [],
                "config_connector_config": [],
                "dns_cache_config": [],
                "gce_persistent_disk_csi_driver_config": [
                  {
                    "enabled": true
                  }
                ],
                "gcp_filestore_csi_driver_config": [],
                "gke_backup_agent_config": [],
                "horizontal_pod_autoscaling": [],
                "http_load_balancing": [],
                "network_policy_config": [
                  {
                    "disabled": true
                  }
                ]
              }
            ],
            "authenticator_groups_config": [],
            "binary_authorization": [
              {
                "enabled": false,
                "evaluation_mode": ""
              }
            ],
            "cluster_autoscaling": [
              {
                "auto_provisioning_defaults": [],
                "enabled": false,
                "resource_limits": []
              }
            ],
            "cluster_ipv4_cidr": "10.0.0.0/14",
            "confidential_nodes": [],
            "cost_management_config": [],
            "database_encryption": [
              {
                "key_name": "",
                "state": "DECRYPTED"
              }
            ],
            "datapath_provider": "",
            "default_max_pods_per_node": null,
            "default_snat_status": [
              {
                "disabled": false
              }
            ],
            "description": "",
            "dns_config": [],
            "enable_autopilot": false,
            "enable_binary_authorization": false,
            "enable_intranode_visibility": false,
            "enable_kubernetes_alpha": false,
            "enable_l4_ilb_subsetting": false,
            "enable_legacy_abac": false,
            "enable_shielded_nodes": true,
            "enable_tpu": false,
            "endpoint": "35.233.106.52",
            "gateway_api_config": [],
            "id": "projects/unique-linker-381314/locations/europe-west1-b/clusters/shmonzi-cluster",
            "initial_node_count": 3,
            "ip_allocation_policy": [],
            "label_fingerprint": "a9dc16a7",
            "location": "europe-west1-b",
            "logging_config": [
              {
                "enable_components": [
                  "SYSTEM_COMPONENTS",
                  "WORKLOADS"
                ]
              }
            ],
            "logging_service": "logging.googleapis.com/kubernetes",
            "maintenance_policy": [],
            "master_auth": [
              {
                "client_certificate": "",
                "client_certificate_config": [
                  {
                    "issue_client_certificate": false
                  }
                ],
                "client_key": "",
                "cluster_ca_certificate": "LS0tLS1CRUdJTiBDRVJUSUZJQ0FURS0tLS0tCk1JSUVMVENDQXBXZ0F3SUJBZ0lSQUlmbm5rVHo5WFRkYjZJRUtJQUIrYWd3RFFZSktvWklodmNOQVFFTEJRQXcKTHpFdE1Dc0dBMVVFQXhNa016Um1NamsyT1dVdFltVTFaUzAwTTJSbExXSTBNakF0TnpCbU1tTXdNemRpTmpZMgpNQ0FYRFRJek1ETXlOVEUwTlRRMU1sb1lEekl3TlRNd016RTNNVFUxTkRVeVdqQXZNUzB3S3dZRFZRUURFeVF6Ck5HWXlPVFk1WlMxaVpUVmxMVFF6WkdVdFlqUXlNQzAzTUdZeVl6QXpOMkkyTmpZd2dnR2lNQTBHQ1NxR1NJYjMKRFFFQkFRVUFBNElCandBd2dnR0tBb0lCZ1FDOEN4MDROclM2VlQwMDloZHc2UmdleFRBN2FORlhRRTRESTVFeApDZnpSMkx4QXJmZlNQbW9vcGJTSy9oNk83WjNzZ0JhQ2dyQndHWlVwYXYxTnpiWmlvSFVLYno5K09rbjhjK0xKCld2UlNUUjFUdzl3SEh1QTR2NlIzeFZHQWpRekppSWNXQ1Q0cmZqSXFjSGNGQkNUUE50TDNYT1paeWdabjBWeHoKaDNzczRKSWpSK3RnRVpkUW5ZZFh1S2NEaFZrekE3d1FmR2N2bkNwWEhyVS9BQStUK2xZVVA5RERRNDBmZ0JKVQpLbVUweTBWcGxRZ3grNys0L1FXM3FINGtvRUZLejhFZHh5dWxBQkNFYm1SZTZDTktCMS92MG9kaXZMc2RhWGNKCjREWUd4WXZaRG5OTE5yZ2pERnpZRFREMGFhenljYjE5VnV3elY4SGhHRjNUL1Q0Ly93Z2p0T09BWThMUEszUGEKTmIrdjQxdGRoRkZBY0VwVmhZdXJKYkhreEhqT1NydUM3ZTZjQVo1bFVxd3MwYTAvdzdnN3NHZlVmSEJsZjkvTworWm9MRkNFdVlSTldub3ZmeDBnZmJEaC9DcXM1dWp4T0VVbWdGNnkwSHZBRVpYR3I4ZWNFQVVDU1o0QmNCWTl3CkZlNTlkbzdMN3FYbnNrMmd3ZzdsVkdPb0hEMENBd0VBQWFOQ01FQXdEZ1lEVlIwUEFRSC9CQVFEQWdJRU1BOEcKQTFVZEV3RUIvd1FGTUFNQkFmOHdIUVlEVlIwT0JCWUVGSE5HekkxOUg0QkZONE5ZMlZiVVVRY3MxeldwTUEwRwpDU3FHU0liM0RRRUJDd1VBQTRJQmdRQnJFKzh3RVN1b0Q2MmZZYlpER3JlOHRWZlhvRDFJUzNJQUY3ZmV2bGRlCkVGc2JnYmEzYnNmQ2J0N3JSOC8wckhSbEtkODROVE1tN1FvY2FlWkE5YnJpNGtYbllJRHFXQ3FId3ZQOTFZQ00KdlNxZjRCTDdZOXVEa2hweDJMcVdvby9iai9NRFpHM2tMZDVwYXRnNU0rTWxWa2I5QmZGREdYN1pvZUVjNnpTWAphRVpXRXFYZjZ1RUYvT0VnaG5LY09lb1QxQ3FUa0dQeE9iYlNMM1pPMUp4YmVtb3BnOFlpTCs5c1lWRHRBM2k3Cm9udlptdmh1MlpucHduVHFvMmZaTWV1NkhsYm91cTU2OENWd24rNS9yQmRnSTFXSXdONWhpR29kaWl2c0dWYSsKY3VwQkM1Rll2dG1vQ0hTYmFuWVoxbnZjcTRCbkMzNWlXbmhVeXkyN2FlVWlqTnJUMFExWlRNeXA1ZFRKRWw0NwprdlNuQ2hFUXRHUGhxenN0b1ZWLzA2SjM0T21UempYUS9EN1JtcFVHcEFIbnBtODFHUUczZHM3SXBwcU1ST3Q0CnFUd1pLdVdpT3VlNXZnQnlOQTFEK2VHYmV3aDRRREFRSFUrdEsvckVZcFhGWENpWURFMERvdDNlVnhwWFNxQmsKd2llOHBOR2JMYzlNb1VjMDYvdExuMGs9Ci0tLS0tRU5EIENFUlRJRklDQVRFLS0tLS0K"
              }
            ],
            "master_authorized_networks_config": [],
            "master_version": "1.24.9-gke.3200",
            "mesh_certificates": [],
            "min_master_version": null,
            "monitoring_config": [
              {
                "enable_components": [
                  "SYSTEM_COMPONENTS"
                ],
                "managed_prometheus": []
              }
            ],
            "monitoring_service": "monitoring.googleapis.com/kubernetes",
            "name": "shmonzi-cluster",
            "network": "projects/unique-linker-381314/global/networks/default",
            "network_policy": [
              {
                "enabled": false,
                "provider": "PROVIDER_UNSPECIFIED"
              }
            ],
            "networking_mode": "ROUTES",
            "node_config": [
              {
                "boot_disk_kms_key": "",
                "disk_size_gb": 10,
                "disk_type": "pd-balanced",
                "gcfs_config": [],
                "guest_accelerator": [],
                "gvnic": [],
                "image_type": "COS_CONTAINERD",
                "kubelet_config": [],
                "labels": {},
                "linux_node_config": [],
                "local_ssd_count": 0,
                "logging_variant": "DEFAULT",
                "machine_type": "e2-medium",
                "metadata": {
                  "disable-legacy-endpoints": "true"
                },
                "min_cpu_platform": "",
                "node_group": "",
                "oauth_scopes": [
                  "https://www.googleapis.com/auth/devstorage.read_only",
                  "https://www.googleapis.com/auth/logging.write",
                  "https://www.googleapis.com/auth/monitoring",
                  "https://www.googleapis.com/auth/service.management.readonly",
                  "https://www.googleapis.com/auth/servicecontrol",
                  "https://www.googleapis.com/auth/trace.append"
                ],
                "preemptible": false,
                "reservation_affinity": [],
                "resource_labels": {},
                "service_account": "default",
                "shielded_instance_config": [
                  {
                    "enable_integrity_monitoring": true,
                    "enable_secure_boot": false
                  }
                ],
                "spot": false,
                "tags": [],
                "taint": [],
                "workload_metadata_config": [
                  {
                    "mode": "GKE_METADATA"
                  }
                ]
              }
            ],
            "node_locations": [],
            "node_pool": [
              {
                "autoscaling": [],
                "initial_node_count": 3,
                "instance_group_urls": [
                  "https://www.googleapis.com/compute/v1/projects/unique-linker-381314/zones/europe-west1-b/instanceGroupManagers/gke-shmonzi-cluster-default-pool-d607900d-grp"
                ],
                "managed_instance_group_urls": [
                  "https://www.googleapis.com/compute/v1/projects/unique-linker-381314/zones/europe-west1-b/instanceGroups/gke-shmonzi-cluster-default-pool-d607900d-grp"
                ],
                "management": [
                  {
                    "auto_repair": true,
                    "auto_upgrade": true
                  }
                ],
                "max_pods_per_node": 0,
                "name": "default-pool",
                "name_prefix": "",
                "network_config": [
                  {
                    "create_pod_range": false,
                    "enable_private_nodes": false,
                    "pod_ipv4_cidr_block": "",
                    "pod_range": ""
                  }
                ],
                "node_config": [
                  {
                    "boot_disk_kms_key": "",
                    "disk_size_gb": 10,
                    "disk_type": "pd-balanced",
                    "gcfs_config": [],
                    "guest_accelerator": [],
                    "gvnic": [],
                    "image_type": "COS_CONTAINERD",
                    "kubelet_config": [],
                    "labels": {},
                    "linux_node_config": [],
                    "local_ssd_count": 0,
                    "logging_variant": "DEFAULT",
                    "machine_type": "e2-medium",
                    "metadata": {
                      "disable-legacy-endpoints": "true"
                    },
                    "min_cpu_platform": "",
                    "node_group": "",
                    "oauth_scopes": [
                      "https://www.googleapis.com/auth/devstorage.read_only",
                      "https://www.googleapis.com/auth/logging.write",
                      "https://www.googleapis.com/auth/monitoring",
                      "https://www.googleapis.com/auth/service.management.readonly",
                      "https://www.googleapis.com/auth/servicecontrol",
                      "https://www.googleapis.com/auth/trace.append"
                    ],
                    "preemptible": false,
                    "reservation_affinity": [],
                    "resource_labels": {},
                    "service_account": "default",
                    "shielded_instance_config": [
                      {
                        "enable_integrity_monitoring": true,
                        "enable_secure_boot": false
                      }
                    ],
                    "spot": false,
                    "tags": [],
                    "taint": [],
                    "workload_metadata_config": [
                      {
                        "mode": "GKE_METADATA"
                      }
                    ]
                  }
                ],
                "node_count": 3,
                "node_locations": [
                  "europe-west1-b"
                ],
                "placement_policy": [],
                "upgrade_settings": [
                  {
                    "blue_green_settings": [],
                    "max_surge": 1,
                    "max_unavailable": 0,
                    "strategy": "SURGE"
                  }
                ],
                "version": "1.24.9-gke.3200"
              }
            ],
            "node_pool_defaults": [
              {
                "node_config_defaults": [
                  {
                    "logging_variant": "DEFAULT"
                  }
                ]
              }
            ],
            "node_version": "1.24.9-gke.3200",
            "notification_config": [
              {
                "pubsub": [
                  {
                    "enabled": false,
                    "filter": [],
                    "topic": ""
                  }
                ]
              }
            ],
            "operation": null,
            "private_cluster_config": [
              {
                "enable_private_endpoint": false,
                "enable_private_nodes": false,
                "master_global_access_config": [
                  {
                    "enabled": false
                  }
                ],
                "master_ipv4_cidr_block": "",
                "peering_name": "",
                "private_endpoint": "10.132.0.54",
                "private_endpoint_subnetwork": "",
                "public_endpoint": "35.233.106.52"
              }
            ],
            "private_ipv6_google_access": "",
            "project": "unique-linker-381314",
            "release_channel": [
              {
                "channel": "REGULAR"
              }
            ],
            "remove_default_node_pool": null,
            "resource_labels": {},
            "resource_usage_export_config": [],
            "self_link": "https://container.googleapis.com/v1/projects/unique-linker-381314/zones/europe-west1-b/clusters/shmonzi-cluster",
            "service_external_ips_config": [
              {
                "enabled": false
              }
            ],
            "services_ipv4_cidr": "10.3.240.0/20",
            "subnetwork": "projects/unique-linker-381314/regions/europe-west1/subnetworks/default",
            "tpu_ipv4_cidr_block": "",
            "vertical_pod_autoscaling": [],
            "workload_identity_config": [
              {
                "workload_pool": "unique-linker-381314.svc.id.goog"
              }
            ]
          },
          "sensitive_attributes": []
        }
      ]
    },
    {
      "mode": "managed",
      "type": "google_container_cluster",
      "name": "primary",
      "provider": "provider[\"registry.terraform.io/hashicorp/google\"]",
      "instances": [
        {
          "schema_version": 1,
          "attributes": {
            "addons_config": [
              {
                "cloudrun_config": [],
                "config_connector_config": [],
                "dns_cache_config": [],
                "gce_persistent_disk_csi_driver_config": [
                  {
                    "enabled": true
                  }
                ],
                "gcp_filestore_csi_driver_config": [],
                "gke_backup_agent_config": [],
                "horizontal_pod_autoscaling": [],
                "http_load_balancing": [],
                "network_policy_config": [
                  {
                    "disabled": true
                  }
                ]
              }
            ],
            "authenticator_groups_config": [],
            "binary_authorization": [
              {
                "enabled": false,
                "evaluation_mode": ""
              }
            ],
            "cluster_autoscaling": [
              {
                "auto_provisioning_defaults": [],
                "enabled": false,
                "resource_limits": []
              }
            ],
            "cluster_ipv4_cidr": "10.0.0.0/14",
            "confidential_nodes": [],
            "cost_management_config": [],
            "database_encryption": [
              {
                "key_name": "",
                "state": "DECRYPTED"
              }
            ],
            "datapath_provider": "",
            "default_max_pods_per_node": null,
            "default_snat_status": [
              {
                "disabled": false
              }
            ],
            "description": "",
            "dns_config": [],
            "enable_autopilot": false,
            "enable_binary_authorization": false,
            "enable_intranode_visibility": false,
            "enable_kubernetes_alpha": false,
            "enable_l4_ilb_subsetting": false,
            "enable_legacy_abac": false,
            "enable_shielded_nodes": true,
            "enable_tpu": false,
            "endpoint": "35.233.106.52",
            "gateway_api_config": [],
            "id": "projects/unique-linker-381314/locations/europe-west1-b/clusters/shmonzi-cluster",
            "initial_node_count": 3,
            "ip_allocation_policy": [],
            "label_fingerprint": "a9dc16a7",
            "location": "europe-west1-b",
            "logging_config": [
              {
                "enable_components": [
                  "SYSTEM_COMPONENTS",
                  "WORKLOADS"
                ]
              }
            ],
            "logging_service": "logging.googleapis.com/kubernetes",
            "maintenance_policy": [],
            "master_auth": [
              {
                "client_certificate": "",
                "client_certificate_config": [
                  {
                    "issue_client_certificate": false
                  }
                ],
                "client_key": "",
                "cluster_ca_certificate": "LS0tLS1CRUdJTiBDRVJUSUZJQ0FURS0tLS0tCk1JSUVMVENDQXBXZ0F3SUJBZ0lSQUlmbm5rVHo5WFRkYjZJRUtJQUIrYWd3RFFZSktvWklodmNOQVFFTEJRQXcKTHpFdE1Dc0dBMVVFQXhNa016Um1NamsyT1dVdFltVTFaUzAwTTJSbExXSTBNakF0TnpCbU1tTXdNemRpTmpZMgpNQ0FYRFRJek1ETXlOVEUwTlRRMU1sb1lEekl3TlRNd016RTNNVFUxTkRVeVdqQXZNUzB3S3dZRFZRUURFeVF6Ck5HWXlPVFk1WlMxaVpUVmxMVFF6WkdVdFlqUXlNQzAzTUdZeVl6QXpOMkkyTmpZd2dnR2lNQTBHQ1NxR1NJYjMKRFFFQkFRVUFBNElCandBd2dnR0tBb0lCZ1FDOEN4MDROclM2VlQwMDloZHc2UmdleFRBN2FORlhRRTRESTVFeApDZnpSMkx4QXJmZlNQbW9vcGJTSy9oNk83WjNzZ0JhQ2dyQndHWlVwYXYxTnpiWmlvSFVLYno5K09rbjhjK0xKCld2UlNUUjFUdzl3SEh1QTR2NlIzeFZHQWpRekppSWNXQ1Q0cmZqSXFjSGNGQkNUUE50TDNYT1paeWdabjBWeHoKaDNzczRKSWpSK3RnRVpkUW5ZZFh1S2NEaFZrekE3d1FmR2N2bkNwWEhyVS9BQStUK2xZVVA5RERRNDBmZ0JKVQpLbVUweTBWcGxRZ3grNys0L1FXM3FINGtvRUZLejhFZHh5dWxBQkNFYm1SZTZDTktCMS92MG9kaXZMc2RhWGNKCjREWUd4WXZaRG5OTE5yZ2pERnpZRFREMGFhenljYjE5VnV3elY4SGhHRjNUL1Q0Ly93Z2p0T09BWThMUEszUGEKTmIrdjQxdGRoRkZBY0VwVmhZdXJKYkhreEhqT1NydUM3ZTZjQVo1bFVxd3MwYTAvdzdnN3NHZlVmSEJsZjkvTworWm9MRkNFdVlSTldub3ZmeDBnZmJEaC9DcXM1dWp4T0VVbWdGNnkwSHZBRVpYR3I4ZWNFQVVDU1o0QmNCWTl3CkZlNTlkbzdMN3FYbnNrMmd3ZzdsVkdPb0hEMENBd0VBQWFOQ01FQXdEZ1lEVlIwUEFRSC9CQVFEQWdJRU1BOEcKQTFVZEV3RUIvd1FGTUFNQkFmOHdIUVlEVlIwT0JCWUVGSE5HekkxOUg0QkZONE5ZMlZiVVVRY3MxeldwTUEwRwpDU3FHU0liM0RRRUJDd1VBQTRJQmdRQnJFKzh3RVN1b0Q2MmZZYlpER3JlOHRWZlhvRDFJUzNJQUY3ZmV2bGRlCkVGc2JnYmEzYnNmQ2J0N3JSOC8wckhSbEtkODROVE1tN1FvY2FlWkE5YnJpNGtYbllJRHFXQ3FId3ZQOTFZQ00KdlNxZjRCTDdZOXVEa2hweDJMcVdvby9iai9NRFpHM2tMZDVwYXRnNU0rTWxWa2I5QmZGREdYN1pvZUVjNnpTWAphRVpXRXFYZjZ1RUYvT0VnaG5LY09lb1QxQ3FUa0dQeE9iYlNMM1pPMUp4YmVtb3BnOFlpTCs5c1lWRHRBM2k3Cm9udlptdmh1MlpucHduVHFvMmZaTWV1NkhsYm91cTU2OENWd24rNS9yQmRnSTFXSXdONWhpR29kaWl2c0dWYSsKY3VwQkM1Rll2dG1vQ0hTYmFuWVoxbnZjcTRCbkMzNWlXbmhVeXkyN2FlVWlqTnJUMFExWlRNeXA1ZFRKRWw0NwprdlNuQ2hFUXRHUGhxenN0b1ZWLzA2SjM0T21UempYUS9EN1JtcFVHcEFIbnBtODFHUUczZHM3SXBwcU1ST3Q0CnFUd1pLdVdpT3VlNXZnQnlOQTFEK2VHYmV3aDRRREFRSFUrdEsvckVZcFhGWENpWURFMERvdDNlVnhwWFNxQmsKd2llOHBOR2JMYzlNb1VjMDYvdExuMGs9Ci0tLS0tRU5EIENFUlRJRklDQVRFLS0tLS0K"
              }
            ],
            "master_authorized_networks_config": [],
            "master_version": "1.24.9-gke.3200",
            "mesh_certificates": [],
            "min_master_version": null,
            "monitoring_config": [
              {
                "enable_components": [
                  "SYSTEM_COMPONENTS"
                ],
                "managed_prometheus": []
              }
            ],
            "monitoring_service": "monitoring.googleapis.com/kubernetes",
            "name": "shmonzi-cluster",
            "network": "projects/unique-linker-381314/global/networks/default",
            "network_policy": [
              {
                "enabled": false,
                "provider": "PROVIDER_UNSPECIFIED"
              }
            ],
            "networking_mode": "ROUTES",
            "node_config": [
              {
                "boot_disk_kms_key": "",
                "disk_size_gb": 10,
                "disk_type": "pd-balanced",
                "gcfs_config": [],
                "guest_accelerator": [],
                "gvnic": [],
                "image_type": "COS_CONTAINERD",
                "kubelet_config": [],
                "labels": {},
                "linux_node_config": [],
                "local_ssd_count": 0,
                "logging_variant": "DEFAULT",
                "machine_type": "e2-medium",
                "metadata": {
                  "disable-legacy-endpoints": "true"
                },
                "min_cpu_platform": "",
                "node_group": "",
                "oauth_scopes": [
                  "https://www.googleapis.com/auth/devstorage.read_only",
                  "https://www.googleapis.com/auth/logging.write",
                  "https://www.googleapis.com/auth/monitoring",
                  "https://www.googleapis.com/auth/service.management.readonly",
                  "https://www.googleapis.com/auth/servicecontrol",
                  "https://www.googleapis.com/auth/trace.append"
                ],
                "preemptible": false,
                "reservation_affinity": [],
                "resource_labels": null,
                "service_account": "default",
                "shielded_instance_config": [
                  {
                    "enable_integrity_monitoring": true,
                    "enable_secure_boot": false
                  }
                ],
                "spot": false,
                "tags": null,
                "taint": [],
                "workload_metadata_config": [
                  {
                    "mode": "GKE_METADATA"
                  }
                ]
              }
            ],
            "node_locations": [],
            "node_pool": [
              {
                "autoscaling": [],
                "initial_node_count": 3,
                "instance_group_urls": [
                  "https://www.googleapis.com/compute/v1/projects/unique-linker-381314/zones/europe-west1-b/instanceGroupManagers/gke-shmonzi-cluster-default-pool-d607900d-grp"
                ],
                "managed_instance_group_urls": [
                  "https://www.googleapis.com/compute/v1/projects/unique-linker-381314/zones/europe-west1-b/instanceGroups/gke-shmonzi-cluster-default-pool-d607900d-grp"
                ],
                "management": [
                  {
                    "auto_repair": true,
                    "auto_upgrade": true
                  }
                ],
                "max_pods_per_node": 0,
                "name": "default-pool",
                "name_prefix": "",
                "network_config": [
                  {
                    "create_pod_range": false,
                    "enable_private_nodes": false,
                    "pod_ipv4_cidr_block": "",
                    "pod_range": ""
                  }
                ],
                "node_config": [
                  {
                    "boot_disk_kms_key": "",
                    "disk_size_gb": 10,
                    "disk_type": "pd-balanced",
                    "gcfs_config": [],
                    "guest_accelerator": [],
                    "gvnic": [],
                    "image_type": "COS_CONTAINERD",
                    "kubelet_config": [],
                    "labels": {},
                    "linux_node_config": [],
                    "local_ssd_count": 0,
                    "logging_variant": "DEFAULT",
                    "machine_type": "e2-medium",
                    "metadata": {
                      "disable-legacy-endpoints": "true"
                    },
                    "min_cpu_platform": "",
                    "node_group": "",
                    "oauth_scopes": [
                      "https://www.googleapis.com/auth/devstorage.read_only",
                      "https://www.googleapis.com/auth/logging.write",
                      "https://www.googleapis.com/auth/monitoring",
                      "https://www.googleapis.com/auth/service.management.readonly",
                      "https://www.googleapis.com/auth/servicecontrol",
                      "https://www.googleapis.com/auth/trace.append"
                    ],
                    "preemptible": false,
                    "reservation_affinity": [],
                    "resource_labels": {},
                    "service_account": "default",
                    "shielded_instance_config": [
                      {
                        "enable_integrity_monitoring": true,
                        "enable_secure_boot": false
                      }
                    ],
                    "spot": false,
                    "tags": [],
                    "taint": [],
                    "workload_metadata_config": [
                      {
                        "mode": "GKE_METADATA"
                      }
                    ]
                  }
                ],
                "node_count": 3,
                "node_locations": [
                  "europe-west1-b"
                ],
                "placement_policy": [],
                "upgrade_settings": [
                  {
                    "blue_green_settings": [],
                    "max_surge": 1,
                    "max_unavailable": 0,
                    "strategy": "SURGE"
                  }
                ],
                "version": "1.24.9-gke.3200"
              }
            ],
            "node_pool_defaults": [
              {
                "node_config_defaults": [
                  {
                    "logging_variant": "DEFAULT"
                  }
                ]
              }
            ],
            "node_version": "1.24.9-gke.3200",
            "notification_config": [
              {
                "pubsub": [
                  {
                    "enabled": false,
                    "filter": [],
                    "topic": ""
                  }
                ]
              }
            ],
            "operation": null,
            "private_cluster_config": [
              {
                "enable_private_endpoint": false,
                "enable_private_nodes": false,
                "master_global_access_config": [
                  {
                    "enabled": false
                  }
                ],
                "master_ipv4_cidr_block": "",
                "peering_name": "",
                "private_endpoint": "10.132.0.54",
                "private_endpoint_subnetwork": "",
                "public_endpoint": "35.233.106.52"
              }
            ],
            "private_ipv6_google_access": "",
            "project": "unique-linker-381314",
            "release_channel": [
              {
                "channel": "REGULAR"
              }
            ],
            "remove_default_node_pool": null,
            "resource_labels": null,
            "resource_usage_export_config": [],
            "self_link": "https://container.googleapis.com/v1/projects/unique-linker-381314/zones/europe-west1-b/clusters/shmonzi-cluster",
            "service_external_ips_config": [
              {
                "enabled": false
              }
            ],
            "services_ipv4_cidr": "10.3.240.0/20",
            "subnetwork": "projects/unique-linker-381314/regions/europe-west1/subnetworks/default",
            "timeouts": null,
            "tpu_ipv4_cidr_block": "",
            "vertical_pod_autoscaling": [],
            "workload_identity_config": [
              {
                "workload_pool": "unique-linker-381314.svc.id.goog"
              }
            ]
          },
          "sensitive_attributes": [],
          "private": "eyJlMmJmYjczMC1lY2FhLTExZTYtOGY4OC0zNDM2M2JjN2M0YzAiOnsiY3JlYXRlIjoyNDAwMDAwMDAwMDAwLCJkZWxldGUiOjI0MDAwMDAwMDAwMDAsInJlYWQiOjI0MDAwMDAwMDAwMDAsInVwZGF0ZSI6MzYwMDAwMDAwMDAwMH0sInNjaGVtYV92ZXJzaW9uIjoiMSJ9"
        }
      ]
    },
    {
      "module": "module.cert-manager",
      "mode": "managed",
      "type": "helm_release",
      "name": "helm",
      "provider": "provider[\"registry.terraform.io/hashicorp/helm\"]",
      "instances": [
        {
          "schema_version": 1,
          "attributes": {
            "atomic": false,
            "chart": "cert-manager",
            "cleanup_on_fail": false,
            "create_namespace": true,
            "dependency_update": false,
            "description": null,
            "devel": null,
            "disable_crd_hooks": false,
            "disable_openapi_validation": false,
            "disable_webhooks": false,
            "force_update": false,
            "id": "cert-manager",
            "keyring": null,
            "lint": false,
            "manifest": null,
            "max_history": 0,
            "metadata": [
              {
                "app_version": "v1.11.0",
                "chart": "cert-manager",
                "name": "cert-manager",
                "namespace": "cert-manager",
                "revision": 1,
                "values": "{\"installCRDs\":true}",
                "version": "v1.11.0"
              }
            ],
            "name": "cert-manager",
            "namespace": "cert-manager",
            "pass_credentials": false,
            "postrender": [],
            "recreate_pods": false,
            "render_subchart_notes": true,
            "replace": false,
            "repository": "https://charts.jetstack.io",
            "repository_ca_file": null,
            "repository_cert_file": null,
            "repository_key_file": null,
            "repository_password": null,
            "repository_username": null,
            "reset_values": false,
            "reuse_values": false,
            "set": [],
            "set_sensitive": [],
            "skip_crds": false,
            "status": "deployed",
            "timeout": 300,
            "values": [
              "installCRDs: true"
            ],
            "verify": false,
            "version": "v1.11.0",
            "wait": true,
            "wait_for_jobs": false
          },
          "sensitive_attributes": [],
          "private": "eyJzY2hlbWFfdmVyc2lvbiI6IjEifQ==",
          "dependencies": [
            "data.google_client_config.default",
            "data.google_container_cluster.my_cluster",
            "google_container_cluster.primary",
            "module.external-dns.google_project_iam_binding.roles",
            "module.external-dns.google_service_account.service_account",
            "module.external-dns.google_service_account_iam_binding.workload_identity_binding",
            "module.external-dns.helm_release.helm",
            "module.external-dns.kubectl_manifest.kubectl_apply",
            "module.ingress-nginx.google_project_iam_binding.roles",
            "module.ingress-nginx.google_service_account.service_account",
            "module.ingress-nginx.google_service_account_iam_binding.workload_identity_binding",
            "module.ingress-nginx.helm_release.helm",
            "module.ingress-nginx.kubectl_manifest.kubectl_apply"
          ]
        }
      ]
    },
    {
      "module": "module.cert-manager",
      "mode": "managed",
      "type": "kubectl_manifest",
      "name": "kubectl_apply",
      "provider": "provider[\"registry.terraform.io/gavinbunney/kubectl\"]",
      "instances": [
        {
          "index_key": "issuer.yml",
          "schema_version": 1,
          "attributes": {
            "api_version": "cert-manager.io/v1",
            "apply_only": false,
            "force_conflicts": false,
            "force_new": false,
            "id": "/apis/cert-manager.io/v1/clusterissuers/letsencrypt-prod",
            "ignore_fields": null,
            "kind": "ClusterIssuer",
            "live_manifest_incluster": "96bd69a3ab38986740684c1055bccd1ec1ea884d9bc43e769158d86852416f13",
            "live_uid": "aecf3425-ccf0-4d1d-9662-3ef835827565",
            "name": "letsencrypt-prod",
            "namespace": "cert-manager",
            "override_namespace": null,
            "sensitive_fields": null,
            "server_side_apply": false,
            "timeouts": null,
            "uid": "aecf3425-ccf0-4d1d-9662-3ef835827565",
            "validate_schema": true,
            "wait": null,
            "wait_for_rollout": true,
            "yaml_body": "apiVersion: cert-manager.io/v1\r\nkind: ClusterIssuer\r\nmetadata:\r\n  name: letsencrypt-prod\r\n  namespace: cert-manager\r\nspec:\r\n  acme:\r\n    email: \"nraoutbort@gmail.com\"\r\n    server: https://acme-v02.api.letsencrypt.org/directory\r\n    privateKeySecretRef:\r\n      name: letsencrypt-prod-key\r\n    solvers:\r\n    - selector: {}\r\n      http01:\r\n        ingress:\r\n          class: nginx",
            "yaml_body_parsed": "apiVersion: cert-manager.io/v1\nkind: ClusterIssuer\nmetadata:\n  name: letsencrypt-prod\n  namespace: cert-manager\nspec:\n  acme:\n    email: nraoutbort@gmail.com\n    privateKeySecretRef:\n      name: letsencrypt-prod-key\n    server: https://acme-v02.api.letsencrypt.org/directory\n    solvers:\n    - http01:\n        ingress:\n          class: nginx\n      selector: {}\n",
            "yaml_incluster": "96bd69a3ab38986740684c1055bccd1ec1ea884d9bc43e769158d86852416f13"
          },
          "sensitive_attributes": [],
          "private": "eyJlMmJmYjczMC1lY2FhLTExZTYtOGY4OC0zNDM2M2JjN2M0YzAiOnsiY3JlYXRlIjo2MDAwMDAwMDAwMDB9LCJzY2hlbWFfdmVyc2lvbiI6IjEifQ==",
          "dependencies": [
            "data.google_client_config.default",
            "data.google_container_cluster.my_cluster",
            "google_container_cluster.primary",
            "module.cert-manager.helm_release.helm",
            "module.external-dns.google_project_iam_binding.roles",
            "module.external-dns.google_service_account.service_account",
            "module.external-dns.google_service_account_iam_binding.workload_identity_binding",
            "module.external-dns.helm_release.helm",
            "module.external-dns.kubectl_manifest.kubectl_apply",
            "module.ingress-nginx.google_project_iam_binding.roles",
            "module.ingress-nginx.google_service_account.service_account",
            "module.ingress-nginx.google_service_account_iam_binding.workload_identity_binding",
            "module.ingress-nginx.helm_release.helm",
            "module.ingress-nginx.kubectl_manifest.kubectl_apply"
          ]
        }
      ]
    },
    {
      "module": "module.external-dns",
      "mode": "managed",
      "type": "google_project_iam_binding",
      "name": "roles",
      "provider": "provider[\"registry.terraform.io/hashicorp/google\"]",
      "instances": [
        {
          "index_key": "roles/dns.admin",
          "schema_version": 0,
          "attributes": {
            "condition": [],
            "etag": "BwX3u6EsbEs=",
            "id": "unique-linker-381314/roles/dns.admin",
            "members": [
              "serviceAccount:external-dns-shmonzi@unique-linker-381314.iam.gserviceaccount.com"
            ],
            "project": "unique-linker-381314",
            "role": "roles/dns.admin"
          },
          "sensitive_attributes": [],
          "private": "bnVsbA==",
          "dependencies": [
            "data.google_client_config.default",
            "data.google_container_cluster.my_cluster",
            "google_container_cluster.primary",
            "module.external-dns.google_service_account.service_account",
            "module.ingress-nginx.google_project_iam_binding.roles",
            "module.ingress-nginx.google_service_account.service_account",
            "module.ingress-nginx.google_service_account_iam_binding.workload_identity_binding",
            "module.ingress-nginx.helm_release.helm",
            "module.ingress-nginx.kubectl_manifest.kubectl_apply"
          ]
        }
      ]
    },
    {
      "module": "module.external-dns",
      "mode": "managed",
      "type": "google_service_account",
      "name": "service_account",
      "provider": "provider[\"registry.terraform.io/hashicorp/google\"]",
      "instances": [
        {
          "index_key": 0,
          "schema_version": 0,
          "attributes": {
            "account_id": "external-dns-shmonzi",
            "description": "Service Account Created by Terraform",
            "disabled": false,
            "display_name": "",
            "email": "external-dns-shmonzi@unique-linker-381314.iam.gserviceaccount.com",
            "id": "projects/unique-linker-381314/serviceAccounts/external-dns-shmonzi@unique-linker-381314.iam.gserviceaccount.com",
            "member": "serviceAccount:external-dns-shmonzi@unique-linker-381314.iam.gserviceaccount.com",
            "name": "projects/unique-linker-381314/serviceAccounts/external-dns-shmonzi@unique-linker-381314.iam.gserviceaccount.com",
            "project": "unique-linker-381314",
            "timeouts": null,
            "unique_id": "104554369651109569580"
          },
          "sensitive_attributes": [],
          "private": "eyJlMmJmYjczMC1lY2FhLTExZTYtOGY4OC0zNDM2M2JjN2M0YzAiOnsiY3JlYXRlIjozMDAwMDAwMDAwMDB9fQ==",
          "dependencies": [
            "data.google_client_config.default",
            "data.google_container_cluster.my_cluster",
            "google_container_cluster.primary",
            "module.ingress-nginx.google_project_iam_binding.roles",
            "module.ingress-nginx.google_service_account.service_account",
            "module.ingress-nginx.google_service_account_iam_binding.workload_identity_binding",
            "module.ingress-nginx.helm_release.helm",
            "module.ingress-nginx.kubectl_manifest.kubectl_apply"
          ]
        }
      ]
    },
    {
      "module": "module.external-dns",
      "mode": "managed",
      "type": "google_service_account_iam_binding",
      "name": "workload_identity_binding",
      "provider": "provider[\"registry.terraform.io/hashicorp/google\"]",
      "instances": [
        {
          "index_key": 0,
          "schema_version": 0,
          "attributes": {
            "condition": [],
            "etag": "BwX3u6Dy2LQ=",
            "id": "projects/unique-linker-381314/serviceAccounts/external-dns-shmonzi@unique-linker-381314.iam.gserviceaccount.com/roles/iam.workloadIdentityUser",
            "members": [
              "serviceAccount:unique-linker-381314.svc.id.goog[external-dns/external-dns]"
            ],
            "role": "roles/iam.workloadIdentityUser",
            "service_account_id": "projects/unique-linker-381314/serviceAccounts/external-dns-shmonzi@unique-linker-381314.iam.gserviceaccount.com"
          },
          "sensitive_attributes": [],
          "private": "bnVsbA==",
          "dependencies": [
            "data.google_client_config.default",
            "data.google_container_cluster.my_cluster",
            "google_container_cluster.primary",
            "module.external-dns.google_service_account.service_account",
            "module.ingress-nginx.google_project_iam_binding.roles",
            "module.ingress-nginx.google_service_account.service_account",
            "module.ingress-nginx.google_service_account_iam_binding.workload_identity_binding",
            "module.ingress-nginx.helm_release.helm",
            "module.ingress-nginx.kubectl_manifest.kubectl_apply"
          ]
        }
      ]
    },
    {
      "module": "module.external-dns",
      "mode": "managed",
      "type": "helm_release",
      "name": "helm",
      "provider": "provider[\"registry.terraform.io/hashicorp/helm\"]",
      "instances": [
        {
          "schema_version": 1,
          "attributes": {
            "atomic": false,
            "chart": "external-dns",
            "cleanup_on_fail": false,
            "create_namespace": true,
            "dependency_update": false,
            "description": null,
            "devel": null,
            "disable_crd_hooks": false,
            "disable_openapi_validation": false,
            "disable_webhooks": false,
            "force_update": false,
            "id": "external-dns",
            "keyring": null,
            "lint": false,
            "manifest": null,
            "max_history": 0,
            "metadata": [
              {
                "app_version": "0.13.2",
                "chart": "external-dns",
                "name": "external-dns",
                "namespace": "external-dns",
                "revision": 1,
                "values": "{\"domainFilters\":[\"nathan-demo.com\"],\"provider\":\"google\",\"serviceAccount\":{\"annotations\":{\"iam.gke.io/gcp-service-account\":\"external-dns-shmonzi@unique-linker-381314.iam.gserviceaccount.com\"},\"create\":true},\"sources\":[\"ingress\"]}",
                "version": "1.12.1"
              }
            ],
            "name": "external-dns",
            "namespace": "external-dns",
            "pass_credentials": false,
            "postrender": [],
            "recreate_pods": false,
            "render_subchart_notes": true,
            "replace": false,
            "repository": "https://kubernetes-sigs.github.io/external-dns/",
            "repository_ca_file": null,
            "repository_cert_file": null,
            "repository_key_file": null,
            "repository_password": null,
            "repository_username": null,
            "reset_values": false,
            "reuse_values": false,
            "set": [],
            "set_sensitive": [],
            "skip_crds": false,
            "status": "deployed",
            "timeout": 300,
            "values": [
              "serviceAccount:\r\n  create: true\r\n  annotations:\r\n     \"iam.gke.io/gcp-service-account\": \"external-dns-shmonzi@unique-linker-381314.iam.gserviceaccount.com\"\r\nsources:\r\n  - ingress\r\ndomainFilters:\r\n  - nathan-demo.com\r\nprovider: google\r\n"
            ],
            "verify": false,
            "version": "1.12.1",
            "wait": true,
            "wait_for_jobs": false
          },
          "sensitive_attributes": [],
          "private": "eyJzY2hlbWFfdmVyc2lvbiI6IjEifQ==",
          "dependencies": [
            "data.google_client_config.default",
            "data.google_container_cluster.my_cluster",
            "google_container_cluster.primary",
            "module.ingress-nginx.google_project_iam_binding.roles",
            "module.ingress-nginx.google_service_account.service_account",
            "module.ingress-nginx.google_service_account_iam_binding.workload_identity_binding",
            "module.ingress-nginx.helm_release.helm",
            "module.ingress-nginx.kubectl_manifest.kubectl_apply"
          ]
        }
      ]
    },
    {
      "module": "module.ingress-nginx",
      "mode": "managed",
      "type": "helm_release",
      "name": "helm",
      "provider": "provider[\"registry.terraform.io/hashicorp/helm\"]",
      "instances": [
        {
          "schema_version": 1,
          "attributes": {
            "atomic": false,
            "chart": "ingress-nginx",
            "cleanup_on_fail": false,
            "create_namespace": true,
            "dependency_update": false,
            "description": null,
            "devel": null,
            "disable_crd_hooks": false,
            "disable_openapi_validation": false,
            "disable_webhooks": false,
            "force_update": false,
            "id": "ingress-nginx",
            "keyring": null,
            "lint": false,
            "manifest": null,
            "max_history": 0,
            "metadata": [
              {
                "app_version": "1.7.0",
                "chart": "ingress-nginx",
                "name": "ingress-nginx",
                "namespace": "ingress-nginx",
                "revision": 1,
                "values": "{}",
                "version": "4.6.0"
              }
            ],
            "name": "ingress-nginx",
            "namespace": "ingress-nginx",
            "pass_credentials": false,
            "postrender": [],
            "recreate_pods": false,
            "render_subchart_notes": true,
            "replace": false,
            "repository": "https://kubernetes.github.io/ingress-nginx",
            "repository_ca_file": null,
            "repository_cert_file": null,
            "repository_key_file": null,
            "repository_password": null,
            "repository_username": null,
            "reset_values": false,
            "reuse_values": false,
            "set": [],
            "set_sensitive": [],
            "skip_crds": false,
            "status": "deployed",
            "timeout": 300,
            "values": [
              ""
            ],
            "verify": false,
            "version": "4.6.0",
            "wait": true,
            "wait_for_jobs": false
          },
          "sensitive_attributes": [],
          "private": "eyJzY2hlbWFfdmVyc2lvbiI6IjEifQ==",
          "dependencies": [
            "google_container_cluster.primary"
          ]
        }
      ]
    },
    {
      "module": "module.nginx",
      "mode": "managed",
      "type": "helm_release",
      "name": "helm",
      "provider": "provider[\"registry.terraform.io/hashicorp/helm\"]",
      "instances": [
        {
          "schema_version": 1,
          "attributes": {
            "atomic": false,
            "chart": "nginx",
            "cleanup_on_fail": false,
            "create_namespace": true,
            "dependency_update": false,
            "description": null,
            "devel": null,
            "disable_crd_hooks": false,
            "disable_openapi_validation": false,
            "disable_webhooks": false,
            "force_update": false,
            "id": "nginx",
            "keyring": null,
            "lint": false,
            "manifest": null,
            "max_history": 0,
            "metadata": [
              {
                "app_version": "",
                "chart": "nginx",
                "name": "nginx",
                "namespace": "nginx",
                "revision": 1,
                "values": "{\"env\":{\"user\":\"shmonzi\"}}",
                "version": "v2"
              }
            ],
            "name": "nginx",
            "namespace": "nginx",
            "pass_credentials": false,
            "postrender": [],
            "recreate_pods": false,
            "render_subchart_notes": true,
            "replace": false,
            "repository": "../charts-values",
            "repository_ca_file": null,
            "repository_cert_file": null,
            "repository_key_file": null,
            "repository_password": null,
            "repository_username": null,
            "reset_values": false,
            "reuse_values": false,
            "set": [],
            "set_sensitive": [],
            "skip_crds": false,
            "status": "deployed",
            "timeout": 300,
            "values": [
              "env:\r\n  user: shmonzi"
            ],
            "verify": false,
            "version": "v2",
            "wait": true,
            "wait_for_jobs": false
          },
          "sensitive_attributes": [],
          "private": "eyJzY2hlbWFfdmVyc2lvbiI6IjEifQ==",
          "dependencies": [
            "data.google_client_config.default",
            "data.google_container_cluster.my_cluster",
            "google_container_cluster.primary",
            "module.cert-manager.google_project_iam_binding.roles",
            "module.cert-manager.google_service_account.service_account",
            "module.cert-manager.google_service_account_iam_binding.workload_identity_binding",
            "module.cert-manager.helm_release.helm",
            "module.cert-manager.kubectl_manifest.kubectl_apply",
            "module.external-dns.google_project_iam_binding.roles",
            "module.external-dns.google_service_account.service_account",
            "module.external-dns.google_service_account_iam_binding.workload_identity_binding",
            "module.external-dns.helm_release.helm",
            "module.external-dns.kubectl_manifest.kubectl_apply",
            "module.ingress-nginx.google_project_iam_binding.roles",
            "module.ingress-nginx.google_service_account.service_account",
            "module.ingress-nginx.google_service_account_iam_binding.workload_identity_binding",
            "module.ingress-nginx.helm_release.helm",
            "module.ingress-nginx.kubectl_manifest.kubectl_apply"
          ]
        }
      ]
    }
  ],
  "check_results": null
}
